
Microsoft Visual Studio Solution File, Format Version 12.00
# Visual Studio 15
VisualStudioVersion = 15.0.28307.329
MinimumVisualStudioVersion = 10.0.40219.1
Project("{9A19103F-16F7-4668-BE54-9A1E7A4F7556}") = "GF.WebUI", "GF.WebUI\GF.WebUI.csproj", "{9A446984-AE6E-472F-AE04-8A7DD89BFC62}"
EndProject
Project("{9A19103F-16F7-4668-BE54-9A1E7A4F7556}") = "GF.Domain", "GF.Domain\GF.Domain.csproj", "{BAF42E27-126A-4225-A70A-3E3BCB187899}"
EndProject
Project("{9A19103F-16F7-4668-BE54-9A1E7A4F7556}") = "GF.Data", "GF.Data\GF.Data.csproj", "{08B4DE12-1D3D-4790-8249-FB7D3CB3C617}"
EndProject
Project("{FAE04EC0-301F-11D3-BF4B-00C04F79EFBC}") = "GF.Service", "GF.Service\GF.Service.csproj", "{9DCC2B57-85ED-4BAB-997F-62F0F3E059F9}"
EndProject
Global
	GlobalSection(SolutionConfigurationPlatforms) = preSolution
		Debug|Any CPU = Debug|Any CPU
		Release|Any CPU = Release|Any CPU
	EndGlobalSection
	GlobalSection(ProjectConfigurationPlatforms) = postSolution
		{9A446984-AE6E-472F-AE04-8A7DD89BFC62}.Debug|Any CPU.ActiveCfg = Debug|Any CPU
		{9A446984-AE6E-472F-AE04-8A7DD89BFC62}.Debug|Any CPU.Build.0 = Debug|Any CPU
		{9A446984-AE6E-472F-AE04-8A7DD89BFC62}.Release|Any CPU.ActiveCfg = Release|Any CPU
		{9A446984-AE6E-472F-AE04-8A7DD89BFC62}.Release|Any CPU.Build.0 = Release|Any CPU
		{BAF42E27-126A-4225-A70A-3E3BCB187899}.Debug|Any CPU.ActiveCfg = Debug|Any CPU
		{BAF42E27-126A-4225-A70A-3E3BCB187899}.Debug|Any CPU.Build.0 = Debug|Any CPU
		{BAF42E27-126A-4225-A70A-3E3BCB187899}.Release|Any CPU.ActiveCfg = Release|Any CPU
		{BAF42E27-126A-4225-A70A-3E3BCB187899}.Release|Any CPU.Build.0 = Release|Any CPU
		{08B4DE12-1D3D-4790-8249-FB7D3CB3C617}.Debug|Any CPU.ActiveCfg = Debug|Any CPU
		{08B4DE12-1D3D-4790-8249-FB7D3CB3C617}.Debug|Any CPU.Build.0 = Debug|Any CPU
		{08B4DE12-1D3D-4790-8249-FB7D3CB3C617}.Release|Any CPU.ActiveCfg = Release|Any CPU
		{08B4DE12-1D3D-4790-8249-FB7D3CB3C617}.Release|Any CPU.Build.0 = Release|Any CPU
		{9DCC2B57-85ED-4BAB-997F-62F0F3E059F9}.Debug|Any CPU.ActiveCfg = Debug|Any CPU
		{9DCC2B57-85ED-4BAB-997F-62F0F3E059F9}.Debug|Any CPU.Build.0 = Debug|Any CPU
		{9DCC2B57-85ED-4BAB-997F-62F0F3E059F9}.Release|Any CPU.ActiveCfg = Release|Any CPU
		{9DCC2B57-85ED-4BAB-997F-62F0F3E059F9}.Release|Any CPU.Build.0 = Release|Any CPU
	EndGlobalSection
	GlobalSection(SolutionProperties) = preSolution
		HideSolutionNode = FALSE
	EndGlobalSection
	GlobalSection(ExtensibilityGlobals) = postSolution
		SolutionGuid = {C4EF8BD4-C3DF-416A-BD15-193C07F79134}
	EndGlobalSection
EndGlobal
